
Microsoft Visual Studio Solution File, Format Version 12.00
# Visual Studio Version 17
VisualStudioVersion = 17.0.31903.59
MinimumVisualStudioVersion = 10.0.40219.1
Project("{FAE04EC0-301F-11D3-BF4B-00C04F79EFBC}") = "ClubMembership.Console", "ClubMembership.Console\ClubMembership.Console.csproj", "{95A9A701-CE1A-4C59-B065-DE8EF355C70B}"
EndProject
Project("{FAE04EC0-301F-11D3-BF4B-00C04F79EFBC}") = "ClubMembership.API", "ClubMembership.API\ClubMembership.API.csproj", "{EA9CAE11-783A-4949-A7D3-7903693641E3}"
EndProject
Global
	GlobalSection(SolutionConfigurationPlatforms) = preSolution
		Debug|Any CPU = Debug|Any CPU
		Release|Any CPU = Release|Any CPU
	EndGlobalSection
	GlobalSection(SolutionProperties) = preSolution
		HideSolutionNode = FALSE
	EndGlobalSection
	GlobalSection(ProjectConfigurationPlatforms) = postSolution
		{95A9A701-CE1A-4C59-B065-DE8EF355C70B}.Debug|Any CPU.ActiveCfg = Debug|Any CPU
		{95A9A701-CE1A-4C59-B065-DE8EF355C70B}.Debug|Any CPU.Build.0 = Debug|Any CPU
		{95A9A701-CE1A-4C59-B065-DE8EF355C70B}.Release|Any CPU.ActiveCfg = Release|Any CPU
		{95A9A701-CE1A-4C59-B065-DE8EF355C70B}.Release|Any CPU.Build.0 = Release|Any CPU
		{EA9CAE11-783A-4949-A7D3-7903693641E3}.Debug|Any CPU.ActiveCfg = Debug|Any CPU
		{EA9CAE11-783A-4949-A7D3-7903693641E3}.Debug|Any CPU.Build.0 = Debug|Any CPU
		{EA9CAE11-783A-4949-A7D3-7903693641E3}.Release|Any CPU.ActiveCfg = Release|Any CPU
		{EA9CAE11-783A-4949-A7D3-7903693641E3}.Release|Any CPU.Build.0 = Release|Any CPU
	EndGlobalSection
EndGlobal
